
Microsoft Visual Studio Solution File, Format Version 12.00
# Visual Studio Version 16
VisualStudioVersion = 16.0.31112.23
MinimumVisualStudioVersion = 10.0.40219.1
Project("{FAE04EC0-301F-11D3-BF4B-00C04F79EFBC}") = "JokesWebApp", "JokesWebApp\JokesWebApp.csproj", "{486CDCF8-77CF-4EC7-8089-2B007B61B808}"
EndProject
Global
	GlobalSection(SolutionConfigurationPlatforms) = preSolution
		Debug|Any CPU = Debug|Any CPU
		Release|Any CPU = Release|Any CPU
	EndGlobalSection
	GlobalSection(ProjectConfigurationPlatforms) = postSolution
		{486CDCF8-77CF-4EC7-8089-2B007B61B808}.Debug|Any CPU.ActiveCfg = Debug|Any CPU
		{486CDCF8-77CF-4EC7-8089-2B007B61B808}.Debug|Any CPU.Build.0 = Debug|Any CPU
		{486CDCF8-77CF-4EC7-8089-2B007B61B808}.Release|Any CPU.ActiveCfg = Release|Any CPU
		{486CDCF8-77CF-4EC7-8089-2B007B61B808}.Release|Any CPU.Build.0 = Release|Any CPU
	EndGlobalSection
	GlobalSection(SolutionProperties) = preSolution
		HideSolutionNode = FALSE
	EndGlobalSection
	GlobalSection(ExtensibilityGlobals) = postSolution
		SolutionGuid = {9791D058-6E16-4767-9D98-0654FAFD3090}
	EndGlobalSection
EndGlobal
